
Microsoft Visual Studio Solution File, Format Version 12.00
# Visual Studio Version 16
VisualStudioVersion = 16.0.32802.440
MinimumVisualStudioVersion = 10.0.40219.1
Project("{8BC9CEB8-8B4A-11D0-8D11-00A0C91BC942}") = "B8_MVC", "B8_MVC.vcxproj", "{C9323422-D38F-4421-A56A-8C1BB1B69E5B}"
EndProject
Global
	GlobalSection(SolutionConfigurationPlatforms) = preSolution
		Debug|x64 = Debug|x64
		Debug|x86 = Debug|x86
		Release|x64 = Release|x64
		Release|x86 = Release|x86
	EndGlobalSection
	GlobalSection(ProjectConfigurationPlatforms) = postSolution
		{C9323422-D38F-4421-A56A-8C1BB1B69E5B}.Debug|x64.ActiveCfg = Debug|x64
		{C9323422-D38F-4421-A56A-8C1BB1B69E5B}.Debug|x64.Build.0 = Debug|x64
		{C9323422-D38F-4421-A56A-8C1BB1B69E5B}.Debug|x86.ActiveCfg = Debug|Win32
		{C9323422-D38F-4421-A56A-8C1BB1B69E5B}.Debug|x86.Build.0 = Debug|Win32
		{C9323422-D38F-4421-A56A-8C1BB1B69E5B}.Release|x64.ActiveCfg = Release|x64
		{C9323422-D38F-4421-A56A-8C1BB1B69E5B}.Release|x64.Build.0 = Release|x64
		{C9323422-D38F-4421-A56A-8C1BB1B69E5B}.Release|x86.ActiveCfg = Release|Win32
		{C9323422-D38F-4421-A56A-8C1BB1B69E5B}.Release|x86.Build.0 = Release|Win32
	EndGlobalSection
	GlobalSection(SolutionProperties) = preSolution
		HideSolutionNode = FALSE
	EndGlobalSection
	GlobalSection(ExtensibilityGlobals) = postSolution
		SolutionGuid = {0BE73A57-EEB5-4E08-B608-D909E50DDA3A}
	EndGlobalSection
EndGlobal
