
Microsoft Visual Studio Solution File, Format Version 12.00
# Visual Studio Version 16
VisualStudioVersion = 16.0.32802.440
MinimumVisualStudioVersion = 10.0.40219.1
Project("{8BC9CEB8-8B4A-11D0-8D11-00A0C91BC942}") = "B14", "B14.vcxproj", "{6AAC45DE-9F2A-408F-B786-C9D3E478EDB9}"
EndProject
Global
	GlobalSection(SolutionConfigurationPlatforms) = preSolution
		Debug|x64 = Debug|x64
		Debug|x86 = Debug|x86
		Release|x64 = Release|x64
		Release|x86 = Release|x86
	EndGlobalSection
	GlobalSection(ProjectConfigurationPlatforms) = postSolution
		{6AAC45DE-9F2A-408F-B786-C9D3E478EDB9}.Debug|x64.ActiveCfg = Debug|x64
		{6AAC45DE-9F2A-408F-B786-C9D3E478EDB9}.Debug|x64.Build.0 = Debug|x64
		{6AAC45DE-9F2A-408F-B786-C9D3E478EDB9}.Debug|x86.ActiveCfg = Debug|Win32
		{6AAC45DE-9F2A-408F-B786-C9D3E478EDB9}.Debug|x86.Build.0 = Debug|Win32
		{6AAC45DE-9F2A-408F-B786-C9D3E478EDB9}.Release|x64.ActiveCfg = Release|x64
		{6AAC45DE-9F2A-408F-B786-C9D3E478EDB9}.Release|x64.Build.0 = Release|x64
		{6AAC45DE-9F2A-408F-B786-C9D3E478EDB9}.Release|x86.ActiveCfg = Release|Win32
		{6AAC45DE-9F2A-408F-B786-C9D3E478EDB9}.Release|x86.Build.0 = Release|Win32
	EndGlobalSection
	GlobalSection(SolutionProperties) = preSolution
		HideSolutionNode = FALSE
	EndGlobalSection
	GlobalSection(ExtensibilityGlobals) = postSolution
		SolutionGuid = {2560D8EE-DBCC-4CA3-9789-005948CE720E}
	EndGlobalSection
EndGlobal
